{
    "_readme": [
        "This file locks the dependencies of your project to a known state",
        "Read more about it at http://getcomposer.org/doc/01-basic-usage.md#composer-lock-the-lock-file"
    ],
    "hash": "098125e3c10930a6a1eb51db5e18e0ee",
    "packages": [
        {
            "name": "brandonwamboldt/utilphp",
            "version": "1.0.6",
            "source": {
                "type": "git",
                "url": "https://github.com/brandonwamboldt/utilphp.git",
                "reference": "2bd3b7989d9c617b49a190c65dcd192d9c47d755"
            },
            "dist": {
                "type": "zip",
                "url": "https://api.github.com/repos/brandonwamboldt/utilphp/zipball/2bd3b7989d9c617b49a190c65dcd192d9c47d755",
                "reference": "2bd3b7989d9c617b49a190c65dcd192d9c47d755",
                "shasum": ""
            },
            "require": {
                "php": ">=5.3.3"
            },
            "type": "library",
            "autoload": {
                "psr-0": {
                    "utilphp\\": "src/"
                }
            },
            "notification-url": "https://packagist.org/downloads/",
            "license": [
                "MIT"
            ],
            "authors": [
                {
                    "name": "Brandon Wamboldt",
                    "email": "brandon.wamboldt@gmail.com"
                }
            ],
            "description": "util.php is a collection of useful functions and snippets that you need or could use every day, designed to avoid conflicts with existing projects",
            "homepage": "https://github.com/brandonwamboldt/utilphp",
            "keywords": [
                "collection",
                "helpers",
                "php",
                "utility"
            ],
            "time": "2014-02-06 18:00:57"
        },
        {
            "name": "smarty-gettext/smarty-gettext",
            "version": "1.1.0",
            "source": {
                "type": "git",
                "url": "https://github.com/smarty-gettext/smarty-gettext.git",
                "reference": "1deb78cdaed8e3f86bedcc124519081d5429b272"
            },
            "dist": {
                "type": "zip",
                "url": "https://api.github.com/repos/smarty-gettext/smarty-gettext/zipball/1deb78cdaed8e3f86bedcc124519081d5429b272",
                "reference": "1deb78cdaed8e3f86bedcc124519081d5429b272",
                "shasum": ""
            },
            "require": {
                "ext-gettext": "*",
                "ext-pcre": "*",
                "php": ">=5.2.1"
            },
            "bin": [
                "tsmarty2c.php"
            ],
            "type": "library",
            "autoload": {
                "files": [
                    "block.t.php"
                ]
            },
            "notification-url": "https://packagist.org/downloads/",
            "license": [
                "LGPL-2.1+"
            ],
            "authors": [
                {
                    "name": "Sagi Bashari",
                    "email": "sagi@boom.org.il"
                },
                {
                    "name": "Elan Ruusamäe",
                    "email": "glen@delfi.ee"
                }
            ],
            "description": "Gettext plugin enabling internationalization in Smarty Package files",
            "homepage": "https://github.com/smarty-gettext/smarty-gettext",
            "time": "2013-12-26 20:48:17"
        },
        {
            "name": "smarty/smarty",
            "version": "v3.1.18",
            "source": {
                "type": "svn",
                "url": "http://smarty-php.googlecode.com/svn",
                "reference": "/tags/v3.1.18/@4839"
            },
            "require": {
                "php": ">=5.2"
            },
            "type": "library",
            "autoload": {
                "classmap": [
                    "distribution/libs/Smarty.class.php",
                    "distribution/libs/SmartyBC.class.php",
                    "distribution/libs/sysplugins/smarty_security.php"
                ]
            },
            "notification-url": "https://packagist.org/downloads/",
            "license": [
                "LGPL-3.0"
            ],
            "authors": [
                {
                    "name": "Monte Ohrt",
                    "email": "monte@ohrt.com"
                },
                {
                    "name": "Uwe Tews",
                    "email": "uwe.tews@googlemail.com"
                },
                {
                    "name": "Rodney Rehm",
                    "email": "rodney.rehm@medialize.de"
                }
            ],
            "description": "Smarty - the compiling PHP template engine",
            "homepage": "http://www.smarty.net",
            "keywords": [
                "templating"
            ],
            "time": "2014-05-08 18:38:30"
        }
    ],
    "packages-dev": [

    ],
    "aliases": [

    ],
    "minimum-stability": "stable",
    "stability-flags": {
        "smarty-gettext/smarty-gettext": 0
    },
    "platform": [

    ],
    "platform-dev": [

    ]
}
