# THIS IS AN AUTOGENERATED FILE. DO NOT EDIT THIS FILE DIRECTLY.
# yarn lockfile v1


"@bower_components/bootbox@makeusabrew/bootbox#~4.3":
  version "4.2.0"
  resolved "https://codeload.github.com/makeusabrew/bootbox/tar.gz/ed5c62a02ab1eb512c38f4be1d0f6774c51a85c6"

"@bower_components/bootstrap-fileinput@kartik-v/bootstrap-fileinput#~2.8":
  version "0.0.0"
  resolved "https://codeload.github.com/kartik-v/bootstrap-fileinput/tar.gz/9273a75bcb6d447f1f1c92594b78b1b19a08b4b7"

"@bower_components/bootstrap-hover-dropdown@CWSpear/twitter-bootstrap-hover-dropdown#~2.0":
  version "0.0.0"
  resolved "https://codeload.github.com/CWSpear/twitter-bootstrap-hover-dropdown/tar.gz/ace10bf06c3a81447625faa4937733d2ff12163c"

"@bower_components/bootstrap-multiselect@davidstutz/bootstrap-multiselect#~0.9":
  version "0.9.15"
  resolved "https://codeload.github.com/davidstutz/bootstrap-multiselect/tar.gz/4749da211e6d39644ef164cd709cfeae5ccba579"
  dependencies:
    jquery "~2.1.3"

"@bower_components/bootstrap-select@snapappointments/bootstrap-select#~1.6":
  version "1.6.5"
  resolved "https://codeload.github.com/snapappointments/bootstrap-select/tar.gz/cccb9dcbc458e13e95f839cf432adda78d3e27f1"
  dependencies:
    jquery ">=1.8"

"@bower_components/bootstrap.growl@mouse0270/bootstrap-growl#~1.0":
  version "1.0.6"
  resolved "https://codeload.github.com/mouse0270/bootstrap-growl/tar.gz/9d0d8fead35f80fa8ccce5c8f4b25bc24408f7dd"
  dependencies:
    grunt "~0.4.4"
    grunt-contrib-uglify "~0.4.0"

"@bower_components/bootstrap3-wysihtml5-bower@Waxolunist/bootstrap3-wysihtml5-bower#~0.3":
  version "0.3.3"
  resolved "https://codeload.github.com/Waxolunist/bootstrap3-wysihtml5-bower/tar.gz/f1b9b218bf2587303167f0c4ab5bc0c08c9f2da4"

"@bower_components/bootstrap@twbs/bootstrap#~3.3":
  version "3.3.7"
  resolved "https://codeload.github.com/twbs/bootstrap/tar.gz/0b9c4a4007c44201dce9a6cc1a38407005c26c86"

"@bower_components/bootstrapValidator@nghuuphuoc/bootstrapvalidator#~0.5":
  version "0.5.3"
  resolved "https://codeload.github.com/nghuuphuoc/bootstrapvalidator/tar.gz/8d8eb4f554bec2687fe6f0cb9349d577a1e67872"

"@bower_components/components-font-awesome@components/font-awesome#~4.1.0":
  version "0.0.0"
  resolved "https://codeload.github.com/components/font-awesome/tar.gz/f3998ef2c6d0d85be0782044f19aaff99a15fc56"

"@bower_components/datatables-bootstrap3@Jowin/Datatables-Bootstrap3#*":
  version "0.0.0"
  resolved "https://codeload.github.com/Jowin/Datatables-Bootstrap3/tar.gz/45802ec4d337bdba6750f03b6472ddbb1d34608c"

"@bower_components/datatables@DataTables/DataTables#>= 1.9.4":
  version "1.10.19"
  resolved "https://codeload.github.com/DataTables/DataTables/tar.gz/156faa83386460c578e00c460eca9766e38a0c5f"
  dependencies:
    jquery ">=1.7"

"@bower_components/flot.tooltip@krzysu/flot.tooltip#~0.8":
  version "0.8.7"
  resolved "https://codeload.github.com/krzysu/flot.tooltip/tar.gz/fe97782119656c12d981e403483948c3bfdbb84b"

"@bower_components/flot@flot/flot#~0.8":
  version "0.8.3"
  resolved "https://codeload.github.com/flot/flot/tar.gz/453b017cc5acfd75e252b93e8635f57f4196d45d"

"@bower_components/handlebars@components/handlebars.js#~1.3.0":
  version "0.0.0"
  resolved "https://codeload.github.com/components/handlebars.js/tar.gz/f72fa3239d397b3a0169038ba83d7b6a25de0ce4"

"@bower_components/history.js@browserstate/history.js#~1.8":
  version "1.8.0"
  resolved "https://codeload.github.com/browserstate/history.js/tar.gz/6c6c8b951b03fa725adb11b1087d73b0b6f0ac82"
  dependencies:
    buildr "0.8.x"

"@bower_components/jquery@jquery/jquery-dist#~1.11":
  version "1.11.3"
  resolved "https://codeload.github.com/jquery/jquery-dist/tar.gz/1472290917f17af05e98007136096784f9051fab"

"@bower_components/rangy-1.3@noap/rangy-1.3#master":
  version "0.0.0"
  resolved "https://codeload.github.com/noap/rangy-1.3/tar.gz/d2b26285b83a1d2f3cbd46196cb13896e3098a29"

"@bower_components/typeahead.js@twitter/typeahead.js#~0.10":
  version "0.10.5"
  resolved "https://codeload.github.com/twitter/typeahead.js/tar.gz/5f198b87d1af845da502ea9df93a5e84801ce742"

"@bower_components/underscore@jashkenas/underscore#~1.7":
  version "1.7.0"
  resolved "https://codeload.github.com/jashkenas/underscore/tar.gz/da996e665deb0b69b257e80e3e257c04fde4191c"

"@bower_components/wysihtml5x@Edicy/wysihtml5#0.4.13":
  version "0.4.13"
  resolved "https://codeload.github.com/Edicy/wysihtml5/tar.gz/5525a1bc892984d1075e407eca830fc8a1debbff"

abbrev@1:
  version "1.1.1"
  resolved "https://registry.yarnpkg.com/abbrev/-/abbrev-1.1.1.tgz#f8f2c887ad10bf67f634f005b6987fed3179aac8"

align-text@^0.1.1, align-text@^0.1.3:
  version "0.1.4"
  resolved "https://registry.yarnpkg.com/align-text/-/align-text-0.1.4.tgz#0cd90a561093f35d0a99256c22b7069433fad117"
  dependencies:
    kind-of "^3.0.2"
    longest "^1.0.1"
    repeat-string "^1.5.2"

ambi@~2.0.0:
  version "2.0.0"
  resolved "https://registry.yarnpkg.com/ambi/-/ambi-2.0.0.tgz#42c2bf98e8d101aa4da28a812678a5dbe36ada66"
  dependencies:
    typechecker "~2.0.1"

ansi-styles@~1.0.0:
  version "1.0.0"
  resolved "https://registry.yarnpkg.com/ansi-styles/-/ansi-styles-1.0.0.tgz#cb102df1c56f5123eab8b67cd7b98027a0279178"

"argparse@~ 0.1.11":
  version "0.1.16"
  resolved "https://registry.yarnpkg.com/argparse/-/argparse-0.1.16.tgz#cfd01e0fbba3d6caed049fbd758d40f65196f57c"
  dependencies:
    underscore "~1.7.0"
    underscore.string "~2.4.0"

async@>=0.1.7:
  version "2.6.1"
  resolved "https://registry.yarnpkg.com/async/-/async-2.6.1.tgz#b245a23ca71930044ec53fa46aa00a3e87c6a610"
  dependencies:
    lodash "^4.17.10"

async@~0.1.22:
  version "0.1.22"
  resolved "https://registry.yarnpkg.com/async/-/async-0.1.22.tgz#0fc1aaa088a0e3ef0ebe2d8831bab0dcf8845061"

async_testing@>=0.3.2:
  version "0.3.2"
  resolved "https://registry.yarnpkg.com/async_testing/-/async_testing-0.3.2.tgz#cfb35973230e1175ac65c1a5241085f344a8a8a5"

bal-util@1.x:
  version "1.18.0"
  resolved "https://registry.yarnpkg.com/bal-util/-/bal-util-1.18.0.tgz#4e2e2d90816d1a6b7e37174020042a2ce258421d"
  dependencies:
    ambi "~2.0.0"
    eachr "~2.0.2"
    extendr "~2.0.1"
    getsetdeep "~2.0.0"
    safecallback "~1.0.1"
    safefs "~2.0.3"
    taskgroup "~2.0.0"
    typechecker "~2.0.1"

balanced-match@^1.0.0:
  version "1.0.0"
  resolved "https://registry.yarnpkg.com/balanced-match/-/balanced-match-1.0.0.tgz#89b4d199ab2bee49de164ea02b89ce462d71b767"

brace-expansion@^1.1.7:
  version "1.1.11"
  resolved "https://registry.yarnpkg.com/brace-expansion/-/brace-expansion-1.1.11.tgz#3c7fcbf529d87226f3d2f52b966ff5271eb441dd"
  dependencies:
    balanced-match "^1.0.0"
    concat-map "0.0.1"

buffer-from@^1.0.0:
  version "1.1.0"
  resolved "https://registry.yarnpkg.com/buffer-from/-/buffer-from-1.1.0.tgz#87fcaa3a298358e0ade6e442cfce840740d1ad04"

buildr@0.8.x:
  version "0.8.7"
  resolved "https://registry.yarnpkg.com/buildr/-/buildr-0.8.7.tgz#9b4dac560a7f41ee63a148c5a4efc51bdb0b8452"
  dependencies:
    bal-util "1.x"
    caterpillar "1.x"
    coffee-script "1.4.x"
    cson ">=1.4"
    csslint "0.9.x"
    jshint "0.9.x"
    less "1.3.x"
    optimist ">=0.3"
    pulverizr "0.7.x"
    rimraf "2.1.4"
    uglify-js "1.3.x"
    watch-tree-maintained "0.1.x"

camelcase@^1.0.2:
  version "1.2.1"
  resolved "https://registry.yarnpkg.com/camelcase/-/camelcase-1.2.1.tgz#9bb5304d2e0b56698b2c758b08a3eaa9daa58a39"

caterpillar@1.x:
  version "1.1.4"
  resolved "https://registry.yarnpkg.com/caterpillar/-/caterpillar-1.1.4.tgz#92a14b45ac057e45d9532a09050a975d78dcbe0e"
  optionalDependencies:
    cli-color "~0.2.2"

center-align@^0.1.1:
  version "0.1.3"
  resolved "https://registry.yarnpkg.com/center-align/-/center-align-0.1.3.tgz#aa0d32629b6ee972200411cbd4461c907bc2b7ad"
  dependencies:
    align-text "^0.1.3"
    lazy-cache "^1.0.3"

chalk@^0.4.0:
  version "0.4.0"
  resolved "https://registry.yarnpkg.com/chalk/-/chalk-0.4.0.tgz#5199a3ddcd0c1efe23bc08c1b027b06176e0c64f"
  dependencies:
    ansi-styles "~1.0.0"
    has-color "~0.1.0"
    strip-ansi "~0.1.0"

cli-color@~0.2.2:
  version "0.2.3"
  resolved "https://registry.yarnpkg.com/cli-color/-/cli-color-0.2.3.tgz#0a25ceae5a6a1602be7f77d28563c36700274e88"
  dependencies:
    es5-ext "~0.9.2"
    memoizee "~0.2.5"

cli@0.4.3:
  version "0.4.3"
  resolved "https://registry.yarnpkg.com/cli/-/cli-0.4.3.tgz#e6819c8d5faa957f64f98f66a8506268c1d1f17d"
  dependencies:
    glob ">= 3.1.4"

cliui@^2.1.0:
  version "2.1.0"
  resolved "https://registry.yarnpkg.com/cliui/-/cliui-2.1.0.tgz#4b475760ff80264c762c3a1719032e91c7fea0d1"
  dependencies:
    center-align "^0.1.1"
    right-align "^0.1.1"
    wordwrap "0.0.2"

coffee-script@1.4.x:
  version "1.4.0"
  resolved "https://registry.yarnpkg.com/coffee-script/-/coffee-script-1.4.0.tgz#5e3bc8aac26c01a8e27bf107722c5655f5ad7d36"

coffee-script@>=1.0.0, coffee-script@^1.10.0, coffee-script@^1.12.7:
  version "1.12.7"
  resolved "https://registry.yarnpkg.com/coffee-script/-/coffee-script-1.12.7.tgz#c05dae0cb79591d05b3070a8433a98c9a89ccc53"

coffee-script@~1.3.3:
  version "1.3.3"
  resolved "https://registry.yarnpkg.com/coffee-script/-/coffee-script-1.3.3.tgz#150d6b4cb522894369efed6a2101c20bc7f4a4f4"

colors@~0.6.2:
  version "0.6.2"
  resolved "https://registry.yarnpkg.com/colors/-/colors-0.6.2.tgz#2423fe6678ac0c5dae8852e5d0e5be08c997abcc"

"coloured-log@>= 0.9.7":
  version "0.9.7"
  resolved "https://registry.yarnpkg.com/coloured-log/-/coloured-log-0.9.7.tgz#fe732bd1a7b63e7e1d5ce2b1797237536542f70d"
  dependencies:
    coloured ">= 0.2.0"
    log ">= 1.2.0"

"coloured@>= 0.2.0":
  version "0.2.0"
  resolved "https://registry.yarnpkg.com/coloured/-/coloured-0.2.0.tgz#85485842a8521cb3780ba4084f2d43772800641c"

"commander@>= 0.6.0":
  version "2.16.0"
  resolved "https://registry.yarnpkg.com/commander/-/commander-2.16.0.tgz#f16390593996ceb4f3eeb020b31d78528f7f8a50"

concat-map@0.0.1:
  version "0.0.1"
  resolved "https://registry.yarnpkg.com/concat-map/-/concat-map-0.0.1.tgz#d8a96bd77fd68df7793a73036a3ba0d5405d477b"

concat-stream@^1.4.1:
  version "1.6.2"
  resolved "https://registry.yarnpkg.com/concat-stream/-/concat-stream-1.6.2.tgz#904bdf194cd3122fc675c77fc4ac3d4ff0fd1a34"
  dependencies:
    buffer-from "^1.0.0"
    inherits "^2.0.3"
    readable-stream "^2.2.2"
    typedarray "^0.0.6"

core-util-is@~1.0.0:
  version "1.0.2"
  resolved "https://registry.yarnpkg.com/core-util-is/-/core-util-is-1.0.2.tgz#b5fd54220aa2bc5ab57aab7140c940754503c1a7"

cson-parser@^1.3.4:
  version "1.3.5"
  resolved "https://registry.yarnpkg.com/cson-parser/-/cson-parser-1.3.5.tgz#7ec675e039145533bf2a6a856073f1599d9c2d24"
  dependencies:
    coffee-script "^1.10.0"

cson@>=1.4:
  version "5.1.0"
  resolved "https://registry.yarnpkg.com/cson/-/cson-5.1.0.tgz#d62e236decb8b742859068918e9c03d578e00f89"
  dependencies:
    coffee-script "^1.12.7"
    cson-parser "^1.3.4"
    editions "^1.3.3"
    extract-opts "^3.3.1"
    requirefresh "^2.1.0"
    safefs "^4.1.0"

csslint@0.9.x:
  version "0.9.10"
  resolved "https://registry.yarnpkg.com/csslint/-/csslint-0.9.10.tgz#c41ba9b6b9fec77bca87112e71eb3a220ef59bc4"

dateformat@1.0.2-1.2.3:
  version "1.0.2-1.2.3"
  resolved "https://registry.yarnpkg.com/dateformat/-/dateformat-1.0.2-1.2.3.tgz#b0220c02de98617433b72851cf47de3df2cdbee9"

decamelize@^1.0.0:
  version "1.2.0"
  resolved "https://registry.yarnpkg.com/decamelize/-/decamelize-1.2.0.tgz#f6534d15148269b20352e7bee26f501f9a191290"

deep-equal@~0.0.0:
  version "0.0.0"
  resolved "https://registry.yarnpkg.com/deep-equal/-/deep-equal-0.0.0.tgz#99679d3bbd047156fcd450d3d01eeb9068691e83"

defined@~0.0.0:
  version "0.0.0"
  resolved "https://registry.yarnpkg.com/defined/-/defined-0.0.0.tgz#f35eea7d705e933baf13b2f03b3f83d921403b3e"

eachr@^3.2.0:
  version "3.2.0"
  resolved "https://registry.yarnpkg.com/eachr/-/eachr-3.2.0.tgz#2c35e43ea086516f7997cf80b7aa64d55a4a4484"
  dependencies:
    editions "^1.1.1"
    typechecker "^4.3.0"

eachr@~2.0.2:
  version "2.0.4"
  resolved "https://registry.yarnpkg.com/eachr/-/eachr-2.0.4.tgz#466f7caa10708f610509e32c807aafe57fc122bf"
  dependencies:
    typechecker "^2.0.8"

editions@^1.1.1, editions@^1.3.3, editions@^1.3.4:
  version "1.3.4"
  resolved "https://registry.yarnpkg.com/editions/-/editions-1.3.4.tgz#3662cb592347c3168eb8e498a0ff73271d67f50b"

es5-ext@~0.9.2:
  version "0.9.2"
  resolved "https://registry.yarnpkg.com/es5-ext/-/es5-ext-0.9.2.tgz#d2e309d1f223b0718648835acf5b8823a8061f8a"

"esprima@~ 1.0.2":
  version "1.0.4"
  resolved "https://registry.yarnpkg.com/esprima/-/esprima-1.0.4.tgz#9f557e08fc3b4d26ece9dd34f8fbf476b62585ad"

event-emitter@~0.2.2:
  version "0.2.2"
  resolved "https://registry.yarnpkg.com/event-emitter/-/event-emitter-0.2.2.tgz#c81e3724eb55407c5a0d5ee3299411f700f54291"
  dependencies:
    es5-ext "~0.9.2"

eventemitter2@~0.4.13:
  version "0.4.14"
  resolved "https://registry.yarnpkg.com/eventemitter2/-/eventemitter2-0.4.14.tgz#8f61b75cde012b2e9eb284d4545583b5643b61ab"

exit@~0.1.1:
  version "0.1.2"
  resolved "https://registry.yarnpkg.com/exit/-/exit-0.1.2.tgz#0632638f8d877cc82107d30a0fff1a17cba1cd0c"

extendr@~2.0.1:
  version "2.0.1"
  resolved "https://registry.yarnpkg.com/extendr/-/extendr-2.0.1.tgz#d8ab375fcbb833e4ba2cd228540f04e4aa07de90"
  dependencies:
    typechecker "~2.0.1"

extract-opts@^3.3.1:
  version "3.3.1"
  resolved "https://registry.yarnpkg.com/extract-opts/-/extract-opts-3.3.1.tgz#5abbedc98c0d5202e3278727f9192d7e086c6be1"
  dependencies:
    eachr "^3.2.0"
    editions "^1.1.1"
    typechecker "^4.3.0"

findup-sync@~0.1.2:
  version "0.1.3"
  resolved "https://registry.yarnpkg.com/findup-sync/-/findup-sync-0.1.3.tgz#7f3e7a97b82392c653bf06589bd85190e93c3683"
  dependencies:
    glob "~3.2.9"
    lodash "~2.4.1"

fs.realpath@^1.0.0:
  version "1.0.0"
  resolved "https://registry.yarnpkg.com/fs.realpath/-/fs.realpath-1.0.0.tgz#1504ad2523158caa40db4a2787cb01411994ea4f"

getobject@~0.1.0:
  version "0.1.0"
  resolved "https://registry.yarnpkg.com/getobject/-/getobject-0.1.0.tgz#047a449789fa160d018f5486ed91320b6ec7885c"

getsetdeep@~2.0.0:
  version "2.0.0"
  resolved "https://registry.yarnpkg.com/getsetdeep/-/getsetdeep-2.0.0.tgz#f13384fe656d0a3f41c214cbdf31001a57c12492"
  dependencies:
    typechecker "~2.0.1"

"glob@>= 3.1.4":
  version "7.1.2"
  resolved "https://registry.yarnpkg.com/glob/-/glob-7.1.2.tgz#c19c9df9a028702d678612384a6552404c636d15"
  dependencies:
    fs.realpath "^1.0.0"
    inflight "^1.0.4"
    inherits "2"
    minimatch "^3.0.4"
    once "^1.3.0"
    path-is-absolute "^1.0.0"

glob@~3.1.21:
  version "3.1.21"
  resolved "https://registry.yarnpkg.com/glob/-/glob-3.1.21.tgz#d29e0a055dea5138f4d07ed40e8982e83c2066cd"
  dependencies:
    graceful-fs "~1.2.0"
    inherits "1"
    minimatch "~0.2.11"

glob@~3.2.9:
  version "3.2.11"
  resolved "https://registry.yarnpkg.com/glob/-/glob-3.2.11.tgz#4a973f635b9190f715d10987d5c00fd2815ebe3d"
  dependencies:
    inherits "2"
    minimatch "0.3"

graceful-fs@^4.1.4:
  version "4.1.11"
  resolved "https://registry.yarnpkg.com/graceful-fs/-/graceful-fs-4.1.11.tgz#0e8bdfe4d1ddb8854d64e04ea7c00e2a026e5658"

graceful-fs@~1, graceful-fs@~1.2.0:
  version "1.2.3"
  resolved "https://registry.yarnpkg.com/graceful-fs/-/graceful-fs-1.2.3.tgz#15a4806a57547cb2d2dbf27f42e89a8c3451b364"

grunt-contrib-uglify@~0.4.0:
  version "0.4.1"
  resolved "https://registry.yarnpkg.com/grunt-contrib-uglify/-/grunt-contrib-uglify-0.4.1.tgz#d43f3bc6e02c335563f8c4f9f0813fb4b0ff79b1"
  dependencies:
    chalk "^0.4.0"
    maxmin "^0.1.0"
    uglify-js "^2.4.0"

grunt-legacy-log-utils@~0.1.1:
  version "0.1.1"
  resolved "https://registry.yarnpkg.com/grunt-legacy-log-utils/-/grunt-legacy-log-utils-0.1.1.tgz#c0706b9dd9064e116f36f23fe4e6b048672c0f7e"
  dependencies:
    colors "~0.6.2"
    lodash "~2.4.1"
    underscore.string "~2.3.3"

grunt-legacy-log@~0.1.0:
  version "0.1.3"
  resolved "https://registry.yarnpkg.com/grunt-legacy-log/-/grunt-legacy-log-0.1.3.tgz#ec29426e803021af59029f87d2f9cd7335a05531"
  dependencies:
    colors "~0.6.2"
    grunt-legacy-log-utils "~0.1.1"
    hooker "~0.2.3"
    lodash "~2.4.1"
    underscore.string "~2.3.3"

grunt-legacy-util@~0.2.0:
  version "0.2.0"
  resolved "https://registry.yarnpkg.com/grunt-legacy-util/-/grunt-legacy-util-0.2.0.tgz#93324884dbf7e37a9ff7c026dff451d94a9e554b"
  dependencies:
    async "~0.1.22"
    exit "~0.1.1"
    getobject "~0.1.0"
    hooker "~0.2.3"
    lodash "~0.9.2"
    underscore.string "~2.2.1"
    which "~1.0.5"

grunt@~0.4.4:
  version "0.4.5"
  resolved "https://registry.yarnpkg.com/grunt/-/grunt-0.4.5.tgz#56937cd5194324adff6d207631832a9d6ba4e7f0"
  dependencies:
    async "~0.1.22"
    coffee-script "~1.3.3"
    colors "~0.6.2"
    dateformat "1.0.2-1.2.3"
    eventemitter2 "~0.4.13"
    exit "~0.1.1"
    findup-sync "~0.1.2"
    getobject "~0.1.0"
    glob "~3.1.21"
    grunt-legacy-log "~0.1.0"
    grunt-legacy-util "~0.2.0"
    hooker "~0.2.3"
    iconv-lite "~0.2.11"
    js-yaml "~2.0.5"
    lodash "~0.9.2"
    minimatch "~0.2.12"
    nopt "~1.0.10"
    rimraf "~2.2.8"
    underscore.string "~2.2.1"
    which "~1.0.5"

gzip-size@^0.1.0:
  version "0.1.1"
  resolved "https://registry.yarnpkg.com/gzip-size/-/gzip-size-0.1.1.tgz#ae33483b6fc8224e8342296de108ef93757f76e0"
  dependencies:
    concat-stream "^1.4.1"
    zlib-browserify "^0.0.3"

has-color@~0.1.0:
  version "0.1.7"
  resolved "https://registry.yarnpkg.com/has-color/-/has-color-0.1.7.tgz#67144a5260c34fc3cca677d041daf52fe7b78b2f"

hooker@~0.2.3:
  version "0.2.3"
  resolved "https://registry.yarnpkg.com/hooker/-/hooker-0.2.3.tgz#b834f723cc4a242aa65963459df6d984c5d3d959"

iconv-lite@~0.2.11:
  version "0.2.11"
  resolved "https://registry.yarnpkg.com/iconv-lite/-/iconv-lite-0.2.11.tgz#1ce60a3a57864a292d1321ff4609ca4bb965adc8"

inflight@^1.0.4:
  version "1.0.6"
  resolved "https://registry.yarnpkg.com/inflight/-/inflight-1.0.6.tgz#49bd6331d7d02d0c09bc910a1075ba8165b56df9"
  dependencies:
    once "^1.3.0"
    wrappy "1"

inherits@1:
  version "1.0.2"
  resolved "https://registry.yarnpkg.com/inherits/-/inherits-1.0.2.tgz#ca4309dadee6b54cc0b8d247e8d7c7a0975bdc9b"

inherits@2, inherits@^2.0.3, inherits@~2.0.3:
  version "2.0.3"
  resolved "https://registry.yarnpkg.com/inherits/-/inherits-2.0.3.tgz#633c2c83e3da42a502f52466022480f4208261de"

is-buffer@^1.1.5:
  version "1.1.6"
  resolved "https://registry.yarnpkg.com/is-buffer/-/is-buffer-1.1.6.tgz#efaa2ea9daa0d7ab2ea13a97b2b8ad51fefbe8be"

isarray@~1.0.0:
  version "1.0.0"
  resolved "https://registry.yarnpkg.com/isarray/-/isarray-1.0.0.tgz#bb935d48582cba168c06834957a54a3e07124f11"

jquery@>=1.7, jquery@>=1.8:
  version "3.3.1"
  resolved "https://registry.yarnpkg.com/jquery/-/jquery-3.3.1.tgz#958ce29e81c9790f31be7792df5d4d95fc57fbca"

jquery@~2.1.3:
  version "2.1.4"
  resolved "https://registry.yarnpkg.com/jquery/-/jquery-2.1.4.tgz#228bde698a0c61431dc2630a6a154f15890d2317"

js-yaml@~2.0.5:
  version "2.0.5"
  resolved "https://registry.yarnpkg.com/js-yaml/-/js-yaml-2.0.5.tgz#a25ae6509999e97df278c6719da11bd0687743a8"
  dependencies:
    argparse "~ 0.1.11"
    esprima "~ 1.0.2"

jshint@0.9.x:
  version "0.9.1"
  resolved "https://registry.yarnpkg.com/jshint/-/jshint-0.9.1.tgz#ff32ec7f09f84001f7498eeafd63c9e4fbb2dc0e"
  dependencies:
    cli "0.4.3"
    minimatch "0.0.x"

jsonify@~0.0.0:
  version "0.0.0"
  resolved "https://registry.yarnpkg.com/jsonify/-/jsonify-0.0.0.tgz#2c74b6ee41d93ca51b7b5aaee8f503631d252a73"

kind-of@^3.0.2:
  version "3.2.2"
  resolved "https://registry.yarnpkg.com/kind-of/-/kind-of-3.2.2.tgz#31ea21a734bab9bbb0f32466d893aea51e4a3c64"
  dependencies:
    is-buffer "^1.1.5"

lazy-cache@^1.0.3:
  version "1.0.4"
  resolved "https://registry.yarnpkg.com/lazy-cache/-/lazy-cache-1.0.4.tgz#a1d78fc3a50474cb80845d3b3b6e1da49a446e8e"

less@1.3.x:
  version "1.3.3"
  resolved "https://registry.yarnpkg.com/less/-/less-1.3.3.tgz#7ee8f300a41080f3544c80c7a70cdf6a61280cf9"
  optionalDependencies:
    ycssmin ">=1.0.1"

lodash@^4.17.10:
  version "4.17.10"
  resolved "https://registry.yarnpkg.com/lodash/-/lodash-4.17.10.tgz#1b7793cf7259ea38fb3661d4d38b3260af8ae4e7"

lodash@~0.9.2:
  version "0.9.2"
  resolved "https://registry.yarnpkg.com/lodash/-/lodash-0.9.2.tgz#8f3499c5245d346d682e5b0d3b40767e09f1a92c"

lodash@~2.4.1:
  version "2.4.2"
  resolved "https://registry.yarnpkg.com/lodash/-/lodash-2.4.2.tgz#fadd834b9683073da179b3eae6d9c0d15053f73e"

"log@>= 1.2.0":
  version "1.4.0"
  resolved "https://registry.yarnpkg.com/log/-/log-1.4.0.tgz#4ba1d890fde249b031dca03bc37eaaf325656f1c"

longest@^1.0.1:
  version "1.0.1"
  resolved "https://registry.yarnpkg.com/longest/-/longest-1.0.1.tgz#30a0b2da38f73770e8294a0d22e6625ed77d0097"

lru-cache@2:
  version "2.7.3"
  resolved "https://registry.yarnpkg.com/lru-cache/-/lru-cache-2.7.3.tgz#6d4524e8b955f95d4f5b58851ce21dd72fb4e952"

lru-cache@~1.0.2:
  version "1.0.6"
  resolved "https://registry.yarnpkg.com/lru-cache/-/lru-cache-1.0.6.tgz#aa50f97047422ac72543bda177a9c9d018d98452"

maxmin@^0.1.0:
  version "0.1.0"
  resolved "https://registry.yarnpkg.com/maxmin/-/maxmin-0.1.0.tgz#95d81c5289e3a9d30f7fc7dc559c024e5030c9d0"
  dependencies:
    chalk "^0.4.0"
    gzip-size "^0.1.0"
    pretty-bytes "^0.1.0"

memoizee@~0.2.5:
  version "0.2.6"
  resolved "https://registry.yarnpkg.com/memoizee/-/memoizee-0.2.6.tgz#bb45a7ad02530082f1612671dab35219cd2e0741"
  dependencies:
    es5-ext "~0.9.2"
    event-emitter "~0.2.2"
    next-tick "0.1.x"

minimatch@0.0.x:
  version "0.0.5"
  resolved "https://registry.yarnpkg.com/minimatch/-/minimatch-0.0.5.tgz#96bb490bbd3ba6836bbfac111adf75301b1584de"
  dependencies:
    lru-cache "~1.0.2"

minimatch@0.3:
  version "0.3.0"
  resolved "https://registry.yarnpkg.com/minimatch/-/minimatch-0.3.0.tgz#275d8edaac4f1bb3326472089e7949c8394699dd"
  dependencies:
    lru-cache "2"
    sigmund "~1.0.0"

minimatch@^3.0.4:
  version "3.0.4"
  resolved "https://registry.yarnpkg.com/minimatch/-/minimatch-3.0.4.tgz#5166e286457f03306064be5497e8dbb0c3d32083"
  dependencies:
    brace-expansion "^1.1.7"

minimatch@~0.2.11, minimatch@~0.2.12:
  version "0.2.14"
  resolved "https://registry.yarnpkg.com/minimatch/-/minimatch-0.2.14.tgz#c74e780574f63c6f9a090e90efbe6ef53a6a756a"
  dependencies:
    lru-cache "2"
    sigmund "~1.0.0"

minimist@~0.0.1:
  version "0.0.10"
  resolved "https://registry.yarnpkg.com/minimist/-/minimist-0.0.10.tgz#de3f98543dbf96082be48ad1a0c7cda836301dcf"

next-tick@0.1.x:
  version "0.1.0"
  resolved "https://registry.yarnpkg.com/next-tick/-/next-tick-0.1.0.tgz#1912cce8eb9b697d640fbba94f8f00dec3b94259"

nopt@~1.0.10:
  version "1.0.10"
  resolved "https://registry.yarnpkg.com/nopt/-/nopt-1.0.10.tgz#6ddd21bd2a31417b92727dd585f8a6f37608ebee"
  dependencies:
    abbrev "1"

once@^1.3.0:
  version "1.4.0"
  resolved "https://registry.yarnpkg.com/once/-/once-1.4.0.tgz#583b1aa775961d4b113ac17d9c50baef9dd76bd1"
  dependencies:
    wrappy "1"

optimist@>=0.1.2, optimist@>=0.3:
  version "0.6.1"
  resolved "https://registry.yarnpkg.com/optimist/-/optimist-0.6.1.tgz#da3ea74686fa21a19a111c326e90eb15a0196686"
  dependencies:
    minimist "~0.0.1"
    wordwrap "~0.0.2"

os-tmpdir@^1.0.0:
  version "1.0.2"
  resolved "https://registry.yarnpkg.com/os-tmpdir/-/os-tmpdir-1.0.2.tgz#bbe67406c79aa85c5cfec766fe5734555dfa1274"

path-is-absolute@^1.0.0:
  version "1.0.1"
  resolved "https://registry.yarnpkg.com/path-is-absolute/-/path-is-absolute-1.0.1.tgz#174b9268735534ffbc7ace6bf53a5a9e1b5c5f5f"

pretty-bytes@^0.1.0:
  version "0.1.2"
  resolved "https://registry.yarnpkg.com/pretty-bytes/-/pretty-bytes-0.1.2.tgz#cd90294d58a1ca4e8a5d0fb9c8225998881acf00"

process-nextick-args@~2.0.0:
  version "2.0.0"
  resolved "https://registry.yarnpkg.com/process-nextick-args/-/process-nextick-args-2.0.0.tgz#a37d732f4271b4ab1ad070d35508e8290788ffaa"

pulverizr@0.7.x:
  version "0.7.0"
  resolved "https://registry.yarnpkg.com/pulverizr/-/pulverizr-0.7.0.tgz#83465cffe6b2d0edf62ca52ed79de2213d19b2a9"
  dependencies:
    coloured-log ">= 0.9.7"
    commander ">= 0.6.0"
    q ">= 0.8.5"
    temp ">= 0.4.0"

"q@>= 0.8.5":
  version "1.5.1"
  resolved "https://registry.yarnpkg.com/q/-/q-1.5.1.tgz#7e32f75b41381291d04611f1bf14109ac00651d7"

readable-stream@^2.2.2:
  version "2.3.6"
  resolved "https://registry.yarnpkg.com/readable-stream/-/readable-stream-2.3.6.tgz#b11c27d88b8ff1fbe070643cf94b0c79ae1b0aaf"
  dependencies:
    core-util-is "~1.0.0"
    inherits "~2.0.3"
    isarray "~1.0.0"
    process-nextick-args "~2.0.0"
    safe-buffer "~5.1.1"
    string_decoder "~1.1.1"
    util-deprecate "~1.0.1"

repeat-string@^1.5.2:
  version "1.6.1"
  resolved "https://registry.yarnpkg.com/repeat-string/-/repeat-string-1.6.1.tgz#8dcae470e1c88abc2d600fff4a776286da75e637"

requirefresh@^2.1.0:
  version "2.1.0"
  resolved "https://registry.yarnpkg.com/requirefresh/-/requirefresh-2.1.0.tgz#742dccc20f3a96918d66c6f1597dc8ffebc4f6f5"
  dependencies:
    editions "^1.1.1"

right-align@^0.1.1:
  version "0.1.3"
  resolved "https://registry.yarnpkg.com/right-align/-/right-align-0.1.3.tgz#61339b722fe6a3515689210d24e14c96148613ef"
  dependencies:
    align-text "^0.1.1"

rimraf@2.1.4:
  version "2.1.4"
  resolved "https://registry.yarnpkg.com/rimraf/-/rimraf-2.1.4.tgz#5a6eb62eeda068f51ede50f29b3e5cd22f3d9bb2"
  optionalDependencies:
    graceful-fs "~1"

rimraf@~2.2.6, rimraf@~2.2.8:
  version "2.2.8"
  resolved "https://registry.yarnpkg.com/rimraf/-/rimraf-2.2.8.tgz#e439be2aaee327321952730f99a8929e4fc50582"

safe-buffer@~5.1.0, safe-buffer@~5.1.1:
  version "5.1.2"
  resolved "https://registry.yarnpkg.com/safe-buffer/-/safe-buffer-5.1.2.tgz#991ec69d296e0313747d59bdfd2b745c35f8828d"

safecallback@~1.0.1:
  version "1.0.1"
  resolved "https://registry.yarnpkg.com/safecallback/-/safecallback-1.0.1.tgz#07c7f12b4a8d9abf1b8fcddba7852eb0b8b6ed41"

safefs@^4.1.0:
  version "4.1.0"
  resolved "https://registry.yarnpkg.com/safefs/-/safefs-4.1.0.tgz#f82aeb4bdd7ae51f653eb20f6728b3058c8d6445"
  dependencies:
    editions "^1.1.1"
    graceful-fs "^4.1.4"

safefs@~2.0.3:
  version "2.0.3"
  resolved "https://registry.yarnpkg.com/safefs/-/safefs-2.0.3.tgz#2db2b2de4c4161d6dba6609fee05ecab062c4de5"

sigmund@~1.0.0:
  version "1.0.1"
  resolved "https://registry.yarnpkg.com/sigmund/-/sigmund-1.0.1.tgz#3ff21f198cad2175f9f3b781853fd94d0d19b590"

source-map@~0.5.1:
  version "0.5.7"
  resolved "https://registry.yarnpkg.com/source-map/-/source-map-0.5.7.tgz#8a039d2d1021d22d1ea14c80d8ea468ba2ef3fcc"

string_decoder@~1.1.1:
  version "1.1.1"
  resolved "https://registry.yarnpkg.com/string_decoder/-/string_decoder-1.1.1.tgz#9cf1611ba62685d7030ae9e4ba34149c3af03fc8"
  dependencies:
    safe-buffer "~5.1.0"

strip-ansi@~0.1.0:
  version "0.1.1"
  resolved "https://registry.yarnpkg.com/strip-ansi/-/strip-ansi-0.1.1.tgz#39e8a98d044d150660abe4a6808acf70bb7bc991"

tape@~0.2.2:
  version "0.2.2"
  resolved "https://registry.yarnpkg.com/tape/-/tape-0.2.2.tgz#64ccfa4b7ecf4a0060007e61716d424781671637"
  dependencies:
    deep-equal "~0.0.0"
    defined "~0.0.0"
    jsonify "~0.0.0"

taskgroup@~2.0.0:
  version "2.0.0"
  resolved "https://registry.yarnpkg.com/taskgroup/-/taskgroup-2.0.0.tgz#184944a42b5684aad751189a5263c030f6174446"
  dependencies:
    ambi "~2.0.0"
    typechecker "~2.0.1"

"temp@>= 0.4.0":
  version "0.8.3"
  resolved "https://registry.yarnpkg.com/temp/-/temp-0.8.3.tgz#e0c6bc4d26b903124410e4fed81103014dfc1f59"
  dependencies:
    os-tmpdir "^1.0.0"
    rimraf "~2.2.6"

typechecker@^2.0.8:
  version "2.1.0"
  resolved "https://registry.yarnpkg.com/typechecker/-/typechecker-2.1.0.tgz#d1c2093a54ff8a19f58cff877eeaa54f2242d383"

typechecker@^4.3.0:
  version "4.5.0"
  resolved "https://registry.yarnpkg.com/typechecker/-/typechecker-4.5.0.tgz#c382920097812364bbaf4595b0ab6588244117a6"
  dependencies:
    editions "^1.3.4"

typechecker@~2.0.1:
  version "2.0.8"
  resolved "https://registry.yarnpkg.com/typechecker/-/typechecker-2.0.8.tgz#e83da84bb64c584ccb345838576c40b0337db82e"

typedarray@^0.0.6:
  version "0.0.6"
  resolved "https://registry.yarnpkg.com/typedarray/-/typedarray-0.0.6.tgz#867ac74e3864187b1d3d47d996a78ec5c8830777"

uglify-js@1.3.x:
  version "1.3.5"
  resolved "https://registry.yarnpkg.com/uglify-js/-/uglify-js-1.3.5.tgz#4b5bfff9186effbaa888e4c9e94bd9fc4c94929d"

uglify-js@^2.4.0:
  version "2.8.29"
  resolved "https://registry.yarnpkg.com/uglify-js/-/uglify-js-2.8.29.tgz#29c5733148057bb4e1f75df35b7a9cb72e6a59dd"
  dependencies:
    source-map "~0.5.1"
    yargs "~3.10.0"
  optionalDependencies:
    uglify-to-browserify "~1.0.0"

uglify-to-browserify@~1.0.0:
  version "1.0.2"
  resolved "https://registry.yarnpkg.com/uglify-to-browserify/-/uglify-to-browserify-1.0.2.tgz#6e0924d6bda6b5afe349e39a6d632850a0f882b7"

underscore.string@~2.2.1:
  version "2.2.1"
  resolved "https://registry.yarnpkg.com/underscore.string/-/underscore.string-2.2.1.tgz#d7c0fa2af5d5a1a67f4253daee98132e733f0f19"

underscore.string@~2.3.3:
  version "2.3.3"
  resolved "https://registry.yarnpkg.com/underscore.string/-/underscore.string-2.3.3.tgz#71c08bf6b428b1133f37e78fa3a21c82f7329b0d"

underscore.string@~2.4.0:
  version "2.4.0"
  resolved "https://registry.yarnpkg.com/underscore.string/-/underscore.string-2.4.0.tgz#8cdd8fbac4e2d2ea1e7e2e8097c42f442280f85b"

underscore@>=1.1.4:
  version "1.9.1"
  resolved "https://registry.yarnpkg.com/underscore/-/underscore-1.9.1.tgz#06dce34a0e68a7babc29b365b8e74b8925203961"

underscore@~1.7.0:
  version "1.7.0"
  resolved "https://registry.yarnpkg.com/underscore/-/underscore-1.7.0.tgz#6bbaf0877500d36be34ecaa584e0db9fef035209"

util-deprecate@~1.0.1:
  version "1.0.2"
  resolved "https://registry.yarnpkg.com/util-deprecate/-/util-deprecate-1.0.2.tgz#450d4dc9fa70de732762fbd2d4a28981419a0ccf"

watch-tree-maintained@0.1.x:
  version "0.1.2"
  resolved "https://registry.yarnpkg.com/watch-tree-maintained/-/watch-tree-maintained-0.1.2.tgz#a0b4050e19200015abd56fdab0dbc70a0e3273ef"
  dependencies:
    async ">=0.1.7"
    async_testing ">=0.3.2"
    coffee-script ">=1.0.0"
    optimist ">=0.1.2"
    underscore ">=1.1.4"

which@~1.0.5:
  version "1.0.9"
  resolved "https://registry.yarnpkg.com/which/-/which-1.0.9.tgz#460c1da0f810103d0321a9b633af9e575e64486f"

window-size@0.1.0:
  version "0.1.0"
  resolved "https://registry.yarnpkg.com/window-size/-/window-size-0.1.0.tgz#5438cd2ea93b202efa3a19fe8887aee7c94f9c9d"

wordwrap@0.0.2:
  version "0.0.2"
  resolved "https://registry.yarnpkg.com/wordwrap/-/wordwrap-0.0.2.tgz#b79669bb42ecb409f83d583cad52ca17eaa1643f"

wordwrap@~0.0.2:
  version "0.0.3"
  resolved "https://registry.yarnpkg.com/wordwrap/-/wordwrap-0.0.3.tgz#a3d5da6cd5c0bc0008d37234bbaf1bed63059107"

wrappy@1:
  version "1.0.2"
  resolved "https://registry.yarnpkg.com/wrappy/-/wrappy-1.0.2.tgz#b5243d8f3ec1aa35f1364605bc0d1036e30ab69f"

yargs@~3.10.0:
  version "3.10.0"
  resolved "https://registry.yarnpkg.com/yargs/-/yargs-3.10.0.tgz#f7ee7bd857dd7c1d2d38c0e74efbd681d1431fd1"
  dependencies:
    camelcase "^1.0.2"
    cliui "^2.1.0"
    decamelize "^1.0.0"
    window-size "0.1.0"

ycssmin@>=1.0.1:
  version "1.0.1"
  resolved "https://registry.yarnpkg.com/ycssmin/-/ycssmin-1.0.1.tgz#7cdde8db78cfab00d2901c3b2301e304faf4df16"

zlib-browserify@^0.0.3:
  version "0.0.3"
  resolved "https://registry.yarnpkg.com/zlib-browserify/-/zlib-browserify-0.0.3.tgz#240ccdbfd0203fa842b130deefb1414122c8cc50"
  dependencies:
    tape "~0.2.2"
